// !$*UTF8*$!
{
	archiveVersion = 1;
	classes = {
	};
	objectVersion = 50;
	objects = {

/* Begin PBXBuildFile section */
		E44B84C42155C1340067F46B /* RatesState.swift in Sources */ = {isa = PBXBuildFile; fileRef = E44B84C32155C1340067F46B /* RatesState.swift */; };
		E44B84C62155C1510067F46B /* RatesEvent.swift in Sources */ = {isa = PBXBuildFile; fileRef = E44B84C52155C1510067F46B /* RatesEvent.swift */; };
		E44B84CA2155C3730067F46B /* LoadingView.swift in Sources */ = {isa = PBXBuildFile; fileRef = E44B84C92155C3720067F46B /* LoadingView.swift */; };
		E4971645214C55BD0058635D /* AppDelegate.swift in Sources */ = {isa = PBXBuildFile; fileRef = E4971644214C55BD0058635D /* AppDelegate.swift */; };
		E4971647214C55BD0058635D /* CurrencyListViewController.swift in Sources */ = {isa = PBXBuildFile; fileRef = E4971646214C55BD0058635D /* CurrencyListViewController.swift */; };
		E497164C214C55C10058635D /* Assets.xcassets in Resources */ = {isa = PBXBuildFile; fileRef = E497164B214C55C10058635D /* Assets.xcassets */; };
		E497164F214C55C10058635D /* LaunchScreen.storyboard in Resources */ = {isa = PBXBuildFile; fileRef = E497164D214C55C10058635D /* LaunchScreen.storyboard */; };
		E497165A214C55C10058635D /* APIRequestTests.swift in Sources */ = {isa = PBXBuildFile; fileRef = E4971659214C55C10058635D /* APIRequestTests.swift */; };
		E4971665214C55C10058635D /* CurrencyConverterUITests.swift in Sources */ = {isa = PBXBuildFile; fileRef = E4971664214C55C10058635D /* CurrencyConverterUITests.swift */; };
		E497167D214C57040058635D /* Request.swift in Sources */ = {isa = PBXBuildFile; fileRef = E4971677214C57030058635D /* Request.swift */; };
		E497167E214C57040058635D /* Response.swift in Sources */ = {isa = PBXBuildFile; fileRef = E4971678214C57040058635D /* Response.swift */; };
		E497167F214C57040058635D /* Dispatcher.swift in Sources */ = {isa = PBXBuildFile; fileRef = E4971679214C57040058635D /* Dispatcher.swift */; };
		E4971680214C57040058635D /* APIRequest.swift in Sources */ = {isa = PBXBuildFile; fileRef = E497167A214C57040058635D /* APIRequest.swift */; };
		E4971681214C57040058635D /* NetworkDispatcher.swift in Sources */ = {isa = PBXBuildFile; fileRef = E497167B214C57040058635D /* NetworkDispatcher.swift */; };
		E4971682214C57040058635D /* Environment.swift in Sources */ = {isa = PBXBuildFile; fileRef = E497167C214C57040058635D /* Environment.swift */; };
		E4971685214C5E950058635D /* Errors.swift in Sources */ = {isa = PBXBuildFile; fileRef = E4971684214C5E950058635D /* Errors.swift */; };
		E4971687214C61020058635D /* DispatcherTests.swift in Sources */ = {isa = PBXBuildFile; fileRef = E4971686214C61020058635D /* DispatcherTests.swift */; };
		E497168C214C6F340058635D /* RawRates.swift in Sources */ = {isa = PBXBuildFile; fileRef = E497168B214C6F340058635D /* RawRates.swift */; };
		E497168E214C73210058635D /* MockData.swift in Sources */ = {isa = PBXBuildFile; fileRef = E497168D214C73210058635D /* MockData.swift */; };
		E4971691214C73DB0058635D /* RatesResponseTests.swift in Sources */ = {isa = PBXBuildFile; fileRef = E4971690214C73DB0058635D /* RatesResponseTests.swift */; };
		E4971692214C7BB30058635D /* sample_rates.json in Resources */ = {isa = PBXBuildFile; fileRef = E4971688214C6C070058635D /* sample_rates.json */; };
		E497169A214D99770058635D /* Action.swift in Sources */ = {isa = PBXBuildFile; fileRef = E4971699214D99770058635D /* Action.swift */; };
		E49716A0214D9DB60058635D /* TextFieldDelegate.swift in Sources */ = {isa = PBXBuildFile; fileRef = E497169F214D9DB60058635D /* TextFieldDelegate.swift */; };
		E49716A7214DB17D0058635D /* CurrencyListViewModel.swift in Sources */ = {isa = PBXBuildFile; fileRef = E49716A6214DB17D0058635D /* CurrencyListViewModel.swift */; };
		E49716A9214DB2240058635D /* Rates.swift in Sources */ = {isa = PBXBuildFile; fileRef = E49716A8214DB2240058635D /* Rates.swift */; };
		E49716AC214DC9DD0058635D /* CurrencyRateTableViewCell.swift in Sources */ = {isa = PBXBuildFile; fileRef = E49716AA214DC9DD0058635D /* CurrencyRateTableViewCell.swift */; };
		E49716AD214DC9DD0058635D /* CurrencyRateTableViewCell.xib in Resources */ = {isa = PBXBuildFile; fileRef = E49716AB214DC9DD0058635D /* CurrencyRateTableViewCell.xib */; };
		E49716B02152D05C0058635D /* Locale.swift in Sources */ = {isa = PBXBuildFile; fileRef = E49716AF2152D05C0058635D /* Locale.swift */; };
		E49716B82152DE930058635D /* Observable+Wrapper.swift in Sources */ = {isa = PBXBuildFile; fileRef = E49716B72152DE930058635D /* Observable+Wrapper.swift */; };
		E49716BB2152EF840058635D /* CurrencyFormatter.swift in Sources */ = {isa = PBXBuildFile; fileRef = E49716BA2152EF840058635D /* CurrencyFormatter.swift */; };
		E49716BD2152F1280058635D /* DisplayRate.swift in Sources */ = {isa = PBXBuildFile; fileRef = E49716BC2152F1280058635D /* DisplayRate.swift */; };
		E49716C12152F3D60058635D /* FlagKit.framework in Embed Frameworks */ = {isa = PBXBuildFile; fileRef = E49716B32152D3F40058635D /* FlagKit.framework */; settings = {ATTRIBUTES = (CodeSignOnCopy, RemoveHeadersOnCopy, ); }; };
		E49716C5215308710058635D /* RxCocoa.framework in Embed Frameworks */ = {isa = PBXBuildFile; fileRef = E49716C3215308420058635D /* RxCocoa.framework */; settings = {ATTRIBUTES = (CodeSignOnCopy, RemoveHeadersOnCopy, ); }; };
		E49716CD21540AE40058635D /* TextField.swift in Sources */ = {isa = PBXBuildFile; fileRef = E49716CC21540AE40058635D /* TextField.swift */; };
		E49716CF21540D0B0058635D /* RxSwift.framework in Embed Frameworks */ = {isa = PBXBuildFile; fileRef = E49716B52152D5390058635D /* RxSwift.framework */; settings = {ATTRIBUTES = (CodeSignOnCopy, RemoveHeadersOnCopy, ); }; };
		E49716D1215415FB0058635D /* IndexPath.swift in Sources */ = {isa = PBXBuildFile; fileRef = E49716D0215415FB0058635D /* IndexPath.swift */; };
		E49716D321541ECE0058635D /* AlertController.swift in Sources */ = {isa = PBXBuildFile; fileRef = E49716D221541ECE0058635D /* AlertController.swift */; };
		E49716D5215420080058635D /* String+Copies.swift in Sources */ = {isa = PBXBuildFile; fileRef = E49716D4215420080058635D /* String+Copies.swift */; };
		E4D9968C21543A390039DF9C /* CurrencyRateTableViewCellDelegate.swift in Sources */ = {isa = PBXBuildFile; fileRef = E4D9968B21543A390039DF9C /* CurrencyRateTableViewCellDelegate.swift */; };
		E4D99699215455790039DF9C /* IGListKit.framework in Frameworks */ = {isa = PBXBuildFile; fileRef = E4D9968F215450A80039DF9C /* IGListKit.framework */; };
		E4D9969A215455790039DF9C /* IGListKit.framework in Embed Frameworks */ = {isa = PBXBuildFile; fileRef = E4D9968F215450A80039DF9C /* IGListKit.framework */; settings = {ATTRIBUTES = (CodeSignOnCopy, RemoveHeadersOnCopy, ); }; };
		E4D9969C215551250039DF9C /* Worker.swift in Sources */ = {isa = PBXBuildFile; fileRef = E4D9969B215551250039DF9C /* Worker.swift */; };
		E4D9969E215552710039DF9C /* RatesWorker.swift in Sources */ = {isa = PBXBuildFile; fileRef = E4D9969D215552710039DF9C /* RatesWorker.swift */; };
		E4D996A02155569F0039DF9C /* Loadable.swift in Sources */ = {isa = PBXBuildFile; fileRef = E4D9969F2155569F0039DF9C /* Loadable.swift */; };
/* End PBXBuildFile section */

/* Begin PBXContainerItemProxy section */
		E4971656214C55C10058635D /* PBXContainerItemProxy */ = {
			isa = PBXContainerItemProxy;
			containerPortal = E4971639214C55BD0058635D /* Project object */;
			proxyType = 1;
			remoteGlobalIDString = E4971640214C55BD0058635D;
			remoteInfo = CurrencyConverter;
		};
		E4971661214C55C10058635D /* PBXContainerItemProxy */ = {
			isa = PBXContainerItemProxy;
			containerPortal = E4971639214C55BD0058635D /* Project object */;
			proxyType = 1;
			remoteGlobalIDString = E4971640214C55BD0058635D;
			remoteInfo = CurrencyConverter;
		};
/* End PBXContainerItemProxy section */

/* Begin PBXCopyFilesBuildPhase section */
		E49716C22152F3D60058635D /* Embed Frameworks */ = {
			isa = PBXCopyFilesBuildPhase;
			buildActionMask = 2147483647;
			dstPath = "";
			dstSubfolderSpec = 10;
			files = (
				E49716C5215308710058635D /* RxCocoa.framework in Embed Frameworks */,
				E49716C12152F3D60058635D /* FlagKit.framework in Embed Frameworks */,
				E49716CF21540D0B0058635D /* RxSwift.framework in Embed Frameworks */,
				E4D9969A215455790039DF9C /* IGListKit.framework in Embed Frameworks */,
			);
			name = "Embed Frameworks";
			runOnlyForDeploymentPostprocessing = 0;
		};
/* End PBXCopyFilesBuildPhase section */

/* Begin PBXFileReference section */
		E44B84C32155C1340067F46B /* RatesState.swift */ = {isa = PBXFileReference; lastKnownFileType = sourcecode.swift; path = RatesState.swift; sourceTree = "<group>"; };
		E44B84C52155C1510067F46B /* RatesEvent.swift */ = {isa = PBXFileReference; lastKnownFileType = sourcecode.swift; path = RatesEvent.swift; sourceTree = "<group>"; };
		E44B84C92155C3720067F46B /* LoadingView.swift */ = {isa = PBXFileReference; fileEncoding = 4; lastKnownFileType = sourcecode.swift; path = LoadingView.swift; sourceTree = "<group>"; };
		E4971641214C55BD0058635D /* CurrencyConverter.app */ = {isa = PBXFileReference; explicitFileType = wrapper.application; includeInIndex = 0; path = CurrencyConverter.app; sourceTree = BUILT_PRODUCTS_DIR; };
		E4971644214C55BD0058635D /* AppDelegate.swift */ = {isa = PBXFileReference; lastKnownFileType = sourcecode.swift; path = AppDelegate.swift; sourceTree = "<group>"; };
		E4971646214C55BD0058635D /* CurrencyListViewController.swift */ = {isa = PBXFileReference; lastKnownFileType = sourcecode.swift; path = CurrencyListViewController.swift; sourceTree = "<group>"; };
		E497164B214C55C10058635D /* Assets.xcassets */ = {isa = PBXFileReference; lastKnownFileType = folder.assetcatalog; path = Assets.xcassets; sourceTree = "<group>"; };
		E497164E214C55C10058635D /* Base */ = {isa = PBXFileReference; lastKnownFileType = file.storyboard; name = Base; path = Base.lproj/LaunchScreen.storyboard; sourceTree = "<group>"; };
		E4971650214C55C10058635D /* Info.plist */ = {isa = PBXFileReference; lastKnownFileType = text.plist.xml; path = Info.plist; sourceTree = "<group>"; };
		E4971655214C55C10058635D /* CurrencyConverterTests.xctest */ = {isa = PBXFileReference; explicitFileType = wrapper.cfbundle; includeInIndex = 0; path = CurrencyConverterTests.xctest; sourceTree = BUILT_PRODUCTS_DIR; };
		E4971659214C55C10058635D /* APIRequestTests.swift */ = {isa = PBXFileReference; lastKnownFileType = sourcecode.swift; path = APIRequestTests.swift; sourceTree = "<group>"; };
		E497165B214C55C10058635D /* Info.plist */ = {isa = PBXFileReference; lastKnownFileType = text.plist.xml; path = Info.plist; sourceTree = "<group>"; };
		E4971660214C55C10058635D /* CurrencyConverterUITests.xctest */ = {isa = PBXFileReference; explicitFileType = wrapper.cfbundle; includeInIndex = 0; path = CurrencyConverterUITests.xctest; sourceTree = BUILT_PRODUCTS_DIR; };
		E4971664214C55C10058635D /* CurrencyConverterUITests.swift */ = {isa = PBXFileReference; lastKnownFileType = sourcecode.swift; path = CurrencyConverterUITests.swift; sourceTree = "<group>"; };
		E4971666214C55C10058635D /* Info.plist */ = {isa = PBXFileReference; lastKnownFileType = text.plist.xml; path = Info.plist; sourceTree = "<group>"; };
		E4971677214C57030058635D /* Request.swift */ = {isa = PBXFileReference; fileEncoding = 4; lastKnownFileType = sourcecode.swift; path = Request.swift; sourceTree = "<group>"; };
		E4971678214C57040058635D /* Response.swift */ = {isa = PBXFileReference; fileEncoding = 4; lastKnownFileType = sourcecode.swift; path = Response.swift; sourceTree = "<group>"; };
		E4971679214C57040058635D /* Dispatcher.swift */ = {isa = PBXFileReference; fileEncoding = 4; lastKnownFileType = sourcecode.swift; path = Dispatcher.swift; sourceTree = "<group>"; };
		E497167A214C57040058635D /* APIRequest.swift */ = {isa = PBXFileReference; fileEncoding = 4; lastKnownFileType = sourcecode.swift; path = APIRequest.swift; sourceTree = "<group>"; };
		E497167B214C57040058635D /* NetworkDispatcher.swift */ = {isa = PBXFileReference; fileEncoding = 4; lastKnownFileType = sourcecode.swift; path = NetworkDispatcher.swift; sourceTree = "<group>"; };
		E497167C214C57040058635D /* Environment.swift */ = {isa = PBXFileReference; fileEncoding = 4; lastKnownFileType = sourcecode.swift; path = Environment.swift; sourceTree = "<group>"; };
		E4971684214C5E950058635D /* Errors.swift */ = {isa = PBXFileReference; lastKnownFileType = sourcecode.swift; path = Errors.swift; sourceTree = "<group>"; };
		E4971686214C61020058635D /* DispatcherTests.swift */ = {isa = PBXFileReference; lastKnownFileType = sourcecode.swift; path = DispatcherTests.swift; sourceTree = "<group>"; };
		E4971688214C6C070058635D /* sample_rates.json */ = {isa = PBXFileReference; lastKnownFileType = text.json; path = sample_rates.json; sourceTree = "<group>"; };
		E497168B214C6F340058635D /* RawRates.swift */ = {isa = PBXFileReference; lastKnownFileType = sourcecode.swift; path = RawRates.swift; sourceTree = "<group>"; };
		E497168D214C73210058635D /* MockData.swift */ = {isa = PBXFileReference; lastKnownFileType = sourcecode.swift; path = MockData.swift; sourceTree = "<group>"; };
		E4971690214C73DB0058635D /* RatesResponseTests.swift */ = {isa = PBXFileReference; lastKnownFileType = sourcecode.swift; path = RatesResponseTests.swift; sourceTree = "<group>"; };
		E4971699214D99770058635D /* Action.swift */ = {isa = PBXFileReference; lastKnownFileType = sourcecode.swift; path = Action.swift; sourceTree = "<group>"; };
		E497169F214D9DB60058635D /* TextFieldDelegate.swift */ = {isa = PBXFileReference; lastKnownFileType = sourcecode.swift; path = TextFieldDelegate.swift; sourceTree = "<group>"; };
		E49716A6214DB17D0058635D /* CurrencyListViewModel.swift */ = {isa = PBXFileReference; lastKnownFileType = sourcecode.swift; path = CurrencyListViewModel.swift; sourceTree = "<group>"; };
		E49716A8214DB2240058635D /* Rates.swift */ = {isa = PBXFileReference; lastKnownFileType = sourcecode.swift; path = Rates.swift; sourceTree = "<group>"; };
		E49716AA214DC9DD0058635D /* CurrencyRateTableViewCell.swift */ = {isa = PBXFileReference; lastKnownFileType = sourcecode.swift; path = CurrencyRateTableViewCell.swift; sourceTree = "<group>"; };
		E49716AB214DC9DD0058635D /* CurrencyRateTableViewCell.xib */ = {isa = PBXFileReference; lastKnownFileType = file.xib; path = CurrencyRateTableViewCell.xib; sourceTree = "<group>"; };
		E49716AF2152D05C0058635D /* Locale.swift */ = {isa = PBXFileReference; lastKnownFileType = sourcecode.swift; path = Locale.swift; sourceTree = "<group>"; };
		E49716B32152D3F40058635D /* FlagKit.framework */ = {isa = PBXFileReference; lastKnownFileType = wrapper.framework; name = FlagKit.framework; path = Carthage/Build/iOS/FlagKit.framework; sourceTree = SOURCE_ROOT; };
		E49716B52152D5390058635D /* RxSwift.framework */ = {isa = PBXFileReference; lastKnownFileType = wrapper.framework; name = RxSwift.framework; path = Carthage/Build/iOS/RxSwift.framework; sourceTree = SOURCE_ROOT; };
		E49716B72152DE930058635D /* Observable+Wrapper.swift */ = {isa = PBXFileReference; fileEncoding = 4; lastKnownFileType = sourcecode.swift; path = "Observable+Wrapper.swift"; sourceTree = "<group>"; };
		E49716BA2152EF840058635D /* CurrencyFormatter.swift */ = {isa = PBXFileReference; lastKnownFileType = sourcecode.swift; path = CurrencyFormatter.swift; sourceTree = "<group>"; };
		E49716BC2152F1280058635D /* DisplayRate.swift */ = {isa = PBXFileReference; lastKnownFileType = sourcecode.swift; path = DisplayRate.swift; sourceTree = "<group>"; };
		E49716C3215308420058635D /* RxCocoa.framework */ = {isa = PBXFileReference; lastKnownFileType = wrapper.framework; name = RxCocoa.framework; path = Carthage/Build/iOS/RxCocoa.framework; sourceTree = SOURCE_ROOT; };
		E49716CC21540AE40058635D /* TextField.swift */ = {isa = PBXFileReference; fileEncoding = 4; lastKnownFileType = sourcecode.swift; path = TextField.swift; sourceTree = "<group>"; };
		E49716D0215415FB0058635D /* IndexPath.swift */ = {isa = PBXFileReference; lastKnownFileType = sourcecode.swift; path = IndexPath.swift; sourceTree = "<group>"; };
		E49716D221541ECE0058635D /* AlertController.swift */ = {isa = PBXFileReference; lastKnownFileType = sourcecode.swift; path = AlertController.swift; sourceTree = "<group>"; };
		E49716D4215420080058635D /* String+Copies.swift */ = {isa = PBXFileReference; lastKnownFileType = sourcecode.swift; path = "String+Copies.swift"; sourceTree = "<group>"; };
		E4D9968B21543A390039DF9C /* CurrencyRateTableViewCellDelegate.swift */ = {isa = PBXFileReference; lastKnownFileType = sourcecode.swift; path = CurrencyRateTableViewCellDelegate.swift; sourceTree = "<group>"; };
		E4D9968F215450A80039DF9C /* IGListKit.framework */ = {isa = PBXFileReference; lastKnownFileType = wrapper.framework; name = IGListKit.framework; path = Carthage/Build/iOS/IGListKit.framework; sourceTree = SOURCE_ROOT; };
		E4D9969B215551250039DF9C /* Worker.swift */ = {isa = PBXFileReference; lastKnownFileType = sourcecode.swift; path = Worker.swift; sourceTree = "<group>"; };
		E4D9969D215552710039DF9C /* RatesWorker.swift */ = {isa = PBXFileReference; lastKnownFileType = sourcecode.swift; path = RatesWorker.swift; sourceTree = "<group>"; };
		E4D9969F2155569F0039DF9C /* Loadable.swift */ = {isa = PBXFileReference; lastKnownFileType = sourcecode.swift; path = Loadable.swift; sourceTree = "<group>"; };
/* End PBXFileReference section */

/* Begin PBXFrameworksBuildPhase section */
		E497163E214C55BD0058635D /* Frameworks */ = {
			isa = PBXFrameworksBuildPhase;
			buildActionMask = 2147483647;
			files = (
				E4D99699215455790039DF9C /* IGListKit.framework in Frameworks */,
			);
			runOnlyForDeploymentPostprocessing = 0;
		};
		E4971652214C55C10058635D /* Frameworks */ = {
			isa = PBXFrameworksBuildPhase;
			buildActionMask = 2147483647;
			files = (
			);
			runOnlyForDeploymentPostprocessing = 0;
		};
		E497165D214C55C10058635D /* Frameworks */ = {
			isa = PBXFrameworksBuildPhase;
			buildActionMask = 2147483647;
			files = (
			);
			runOnlyForDeploymentPostprocessing = 0;
		};
/* End PBXFrameworksBuildPhase section */

/* Begin PBXGroup section */
		E4971638214C55BD0058635D = {
			isa = PBXGroup;
			children = (
				E4971643214C55BD0058635D /* CurrencyConverter */,
				E4971658214C55C10058635D /* CurrencyConverterTests */,
				E4971663214C55C10058635D /* CurrencyConverterUITests */,
				E49716AE2152CCA60058635D /* Frameworks */,
				E4971642214C55BD0058635D /* Products */,
			);
			sourceTree = "<group>";
		};
		E4971642214C55BD0058635D /* Products */ = {
			isa = PBXGroup;
			children = (
				E4971641214C55BD0058635D /* CurrencyConverter.app */,
				E4971655214C55C10058635D /* CurrencyConverterTests.xctest */,
				E4971660214C55C10058635D /* CurrencyConverterUITests.xctest */,
			);
			name = Products;
			sourceTree = "<group>";
		};
		E4971643214C55BD0058635D /* CurrencyConverter */ = {
			isa = PBXGroup;
			children = (
				E4971672214C56280058635D /* Application */,
				E4971673214C56370058635D /* Networking */,
				E4971674214C56450058635D /* Models */,
				E4971675214C56540058635D /* Scenes */,
				E49716B92152DE9A0058635D /* Extensions */,
				E4971676214C566D0058635D /* Supporting Files */,
				E4971650214C55C10058635D /* Info.plist */,
			);
			path = CurrencyConverter;
			sourceTree = "<group>";
		};
		E4971658214C55C10058635D /* CurrencyConverterTests */ = {
			isa = PBXGroup;
			children = (
				E497168F214C73790058635D /* Mock Data */,
				E4971659214C55C10058635D /* APIRequestTests.swift */,
				E4971686214C61020058635D /* DispatcherTests.swift */,
				E4971690214C73DB0058635D /* RatesResponseTests.swift */,
				E497165B214C55C10058635D /* Info.plist */,
			);
			path = CurrencyConverterTests;
			sourceTree = "<group>";
		};
		E4971663214C55C10058635D /* CurrencyConverterUITests */ = {
			isa = PBXGroup;
			children = (
				E4971664214C55C10058635D /* CurrencyConverterUITests.swift */,
				E4971666214C55C10058635D /* Info.plist */,
			);
			path = CurrencyConverterUITests;
			sourceTree = "<group>";
		};
		E4971672214C56280058635D /* Application */ = {
			isa = PBXGroup;
			children = (
				E497164D214C55C10058635D /* LaunchScreen.storyboard */,
				E4971644214C55BD0058635D /* AppDelegate.swift */,
				E497164B214C55C10058635D /* Assets.xcassets */,
			);
			path = Application;
			sourceTree = "<group>";
		};
		E4971673214C56370058635D /* Networking */ = {
			isa = PBXGroup;
			children = (
				E497168A214C6F070058635D /* RawData */,
				E4971683214C58240058635D /* Generic */,
				E497167B214C57040058635D /* NetworkDispatcher.swift */,
				E497167A214C57040058635D /* APIRequest.swift */,
				E4D9969D215552710039DF9C /* RatesWorker.swift */,
			);
			path = Networking;
			sourceTree = "<group>";
		};
		E4971674214C56450058635D /* Models */ = {
			isa = PBXGroup;
			children = (
				E4D9969F2155569F0039DF9C /* Loadable.swift */,
				E4971699214D99770058635D /* Action.swift */,
				E49716A8214DB2240058635D /* Rates.swift */,
				E49716AF2152D05C0058635D /* Locale.swift */,
				E49716BA2152EF840058635D /* CurrencyFormatter.swift */,
			);
			path = Models;
			sourceTree = "<group>";
		};
		E4971675214C56540058635D /* Scenes */ = {
			isa = PBXGroup;
			children = (
				E4971694214D8D860058635D /* ViewModels */,
				E49716A5214DAFCA0058635D /* Delegates */,
				E4971693214D8D050058635D /* Views */,
				E4971646214C55BD0058635D /* CurrencyListViewController.swift */,
				E49716D221541ECE0058635D /* AlertController.swift */,
			);
			path = Scenes;
			sourceTree = "<group>";
		};
		E4971676214C566D0058635D /* Supporting Files */ = {
			isa = PBXGroup;
			children = (
			);
			path = "Supporting Files";
			sourceTree = "<group>";
		};
		E4971683214C58240058635D /* Generic */ = {
			isa = PBXGroup;
			children = (
				E4971679214C57040058635D /* Dispatcher.swift */,
				E497167C214C57040058635D /* Environment.swift */,
				E4971677214C57030058635D /* Request.swift */,
				E4971678214C57040058635D /* Response.swift */,
				E4971684214C5E950058635D /* Errors.swift */,
				E4D9969B215551250039DF9C /* Worker.swift */,
			);
			path = Generic;
			sourceTree = "<group>";
		};
		E497168A214C6F070058635D /* RawData */ = {
			isa = PBXGroup;
			children = (
				E497168B214C6F340058635D /* RawRates.swift */,
			);
			path = RawData;
			sourceTree = "<group>";
		};
		E497168F214C73790058635D /* Mock Data */ = {
			isa = PBXGroup;
			children = (
				E497168D214C73210058635D /* MockData.swift */,
				E4971688214C6C070058635D /* sample_rates.json */,
			);
			path = "Mock Data";
			sourceTree = "<group>";
		};
		E4971693214D8D050058635D /* Views */ = {
			isa = PBXGroup;
			children = (
				E49716AA214DC9DD0058635D /* CurrencyRateTableViewCell.swift */,
				E49716AB214DC9DD0058635D /* CurrencyRateTableViewCell.xib */,
				E49716CC21540AE40058635D /* TextField.swift */,
				E44B84C92155C3720067F46B /* LoadingView.swift */,
			);
			path = Views;
			sourceTree = "<group>";
		};
		E4971694214D8D860058635D /* ViewModels */ = {
			isa = PBXGroup;
			children = (
				E44B84C32155C1340067F46B /* RatesState.swift */,
				E44B84C52155C1510067F46B /* RatesEvent.swift */,
				E49716A6214DB17D0058635D /* CurrencyListViewModel.swift */,
				E49716BC2152F1280058635D /* DisplayRate.swift */,
			);
			path = ViewModels;
			sourceTree = "<group>";
		};
		E49716A5214DAFCA0058635D /* Delegates */ = {
			isa = PBXGroup;
			children = (
				E497169F214D9DB60058635D /* TextFieldDelegate.swift */,
				E4D9968B21543A390039DF9C /* CurrencyRateTableViewCellDelegate.swift */,
			);
			path = Delegates;
			sourceTree = "<group>";
		};
		E49716AE2152CCA60058635D /* Frameworks */ = {
			isa = PBXGroup;
			children = (
				E4D9968F215450A80039DF9C /* IGListKit.framework */,
				E49716C3215308420058635D /* RxCocoa.framework */,
				E49716B52152D5390058635D /* RxSwift.framework */,
				E49716B32152D3F40058635D /* FlagKit.framework */,
			);
			path = Frameworks;
			sourceTree = "<group>";
		};
		E49716B92152DE9A0058635D /* Extensions */ = {
			isa = PBXGroup;
			children = (
				E49716B72152DE930058635D /* Observable+Wrapper.swift */,
				E49716D0215415FB0058635D /* IndexPath.swift */,
				E49716D4215420080058635D /* String+Copies.swift */,
			);
			path = Extensions;
			sourceTree = "<group>";
		};
/* End PBXGroup section */

/* Begin PBXNativeTarget section */
		E4971640214C55BD0058635D /* CurrencyConverter */ = {
			isa = PBXNativeTarget;
			buildConfigurationList = E4971669214C55C10058635D /* Build configuration list for PBXNativeTarget "CurrencyConverter" */;
			buildPhases = (
				E497163D214C55BD0058635D /* Sources */,
				E497163E214C55BD0058635D /* Frameworks */,
				E497163F214C55BD0058635D /* Resources */,
				E49716C22152F3D60058635D /* Embed Frameworks */,
			);
			buildRules = (
			);
			dependencies = (
			);
			name = CurrencyConverter;
			productName = CurrencyConverter;
			productReference = E4971641214C55BD0058635D /* CurrencyConverter.app */;
			productType = "com.apple.product-type.application";
		};
		E4971654214C55C10058635D /* CurrencyConverterTests */ = {
			isa = PBXNativeTarget;
			buildConfigurationList = E497166C214C55C10058635D /* Build configuration list for PBXNativeTarget "CurrencyConverterTests" */;
			buildPhases = (
				E4971651214C55C10058635D /* Sources */,
				E4971652214C55C10058635D /* Frameworks */,
				E4971653214C55C10058635D /* Resources */,
			);
			buildRules = (
			);
			dependencies = (
				E4971657214C55C10058635D /* PBXTargetDependency */,
			);
			name = CurrencyConverterTests;
			productName = CurrencyConverterTests;
			productReference = E4971655214C55C10058635D /* CurrencyConverterTests.xctest */;
			productType = "com.apple.product-type.bundle.unit-test";
		};
		E497165F214C55C10058635D /* CurrencyConverterUITests */ = {
			isa = PBXNativeTarget;
			buildConfigurationList = E497166F214C55C10058635D /* Build configuration list for PBXNativeTarget "CurrencyConverterUITests" */;
			buildPhases = (
				E497165C214C55C10058635D /* Sources */,
				E497165D214C55C10058635D /* Frameworks */,
				E497165E214C55C10058635D /* Resources */,
			);
			buildRules = (
			);
			dependencies = (
				E4971662214C55C10058635D /* PBXTargetDependency */,
			);
			name = CurrencyConverterUITests;
			productName = CurrencyConverterUITests;
			productReference = E4971660214C55C10058635D /* CurrencyConverterUITests.xctest */;
			productType = "com.apple.product-type.bundle.ui-testing";
		};
/* End PBXNativeTarget section */

/* Begin PBXProject section */
		E4971639214C55BD0058635D /* Project object */ = {
			isa = PBXProject;
			attributes = {
				LastSwiftUpdateCheck = 0940;
				LastUpgradeCheck = 0940;
				ORGANIZATIONNAME = "Guowei Mo";
				TargetAttributes = {
					E4971640214C55BD0058635D = {
						CreatedOnToolsVersion = 9.4;
					};
					E4971654214C55C10058635D = {
						CreatedOnToolsVersion = 9.4;
						TestTargetID = E4971640214C55BD0058635D;
					};
					E497165F214C55C10058635D = {
						CreatedOnToolsVersion = 9.4;
						TestTargetID = E4971640214C55BD0058635D;
					};
				};
			};
			buildConfigurationList = E497163C214C55BD0058635D /* Build configuration list for PBXProject "CurrencyConverter" */;
			compatibilityVersion = "Xcode 9.3";
			developmentRegion = en;
			hasScannedForEncodings = 0;
			knownRegions = (
				en,
				Base,
			);
			mainGroup = E4971638214C55BD0058635D;
			productRefGroup = E4971642214C55BD0058635D /* Products */;
			projectDirPath = "";
			projectRoot = "";
			targets = (
				E4971640214C55BD0058635D /* CurrencyConverter */,
				E4971654214C55C10058635D /* CurrencyConverterTests */,
				E497165F214C55C10058635D /* CurrencyConverterUITests */,
			);
		};
/* End PBXProject section */

/* Begin PBXResourcesBuildPhase section */
		E497163F214C55BD0058635D /* Resources */ = {
			isa = PBXResourcesBuildPhase;
			buildActionMask = 2147483647;
			files = (
				E49716AD214DC9DD0058635D /* CurrencyRateTableViewCell.xib in Resources */,
				E497164F214C55C10058635D /* LaunchScreen.storyboard in Resources */,
				E497164C214C55C10058635D /* Assets.xcassets in Resources */,
			);
			runOnlyForDeploymentPostprocessing = 0;
		};
		E4971653214C55C10058635D /* Resources */ = {
			isa = PBXResourcesBuildPhase;
			buildActionMask = 2147483647;
			files = (
				E4971692214C7BB30058635D /* sample_rates.json in Resources */,
			);
			runOnlyForDeploymentPostprocessing = 0;
		};
		E497165E214C55C10058635D /* Resources */ = {
			isa = PBXResourcesBuildPhase;
			buildActionMask = 2147483647;
			files = (
			);
			runOnlyForDeploymentPostprocessing = 0;
		};
/* End PBXResourcesBuildPhase section */

/* Begin PBXSourcesBuildPhase section */
		E497163D214C55BD0058635D /* Sources */ = {
			isa = PBXSourcesBuildPhase;
			buildActionMask = 2147483647;
			files = (
				E497167E214C57040058635D /* Response.swift in Sources */,
				E49716A9214DB2240058635D /* Rates.swift in Sources */,
				E49716D5215420080058635D /* String+Copies.swift in Sources */,
				E497169A214D99770058635D /* Action.swift in Sources */,
				E49716CD21540AE40058635D /* TextField.swift in Sources */,
				E4D9969C215551250039DF9C /* Worker.swift in Sources */,
				E497168C214C6F340058635D /* RawRates.swift in Sources */,
				E4D9969E215552710039DF9C /* RatesWorker.swift in Sources */,
				E4971682214C57040058635D /* Environment.swift in Sources */,
				E49716A0214D9DB60058635D /* TextFieldDelegate.swift in Sources */,
				E4971647214C55BD0058635D /* CurrencyListViewController.swift in Sources */,
				E49716D321541ECE0058635D /* AlertController.swift in Sources */,
				E497167D214C57040058635D /* Request.swift in Sources */,
				E49716A7214DB17D0058635D /* CurrencyListViewModel.swift in Sources */,
				E49716BD2152F1280058635D /* DisplayRate.swift in Sources */,
				E4971681214C57040058635D /* NetworkDispatcher.swift in Sources */,
				E44B84CA2155C3730067F46B /* LoadingView.swift in Sources */,
				E4971645214C55BD0058635D /* AppDelegate.swift in Sources */,
				E4D9968C21543A390039DF9C /* CurrencyRateTableViewCellDelegate.swift in Sources */,
				E44B84C62155C1510067F46B /* RatesEvent.swift in Sources */,
				E4971680214C57040058635D /* APIRequest.swift in Sources */,
				E44B84C42155C1340067F46B /* RatesState.swift in Sources */,
				E4971685214C5E950058635D /* Errors.swift in Sources */,
				E4D996A02155569F0039DF9C /* Loadable.swift in Sources */,
				E49716B82152DE930058635D /* Observable+Wrapper.swift in Sources */,
				E49716BB2152EF840058635D /* CurrencyFormatter.swift in Sources */,
				E497167F214C57040058635D /* Dispatcher.swift in Sources */,
				E49716AC214DC9DD0058635D /* CurrencyRateTableViewCell.swift in Sources */,
				E49716D1215415FB0058635D /* IndexPath.swift in Sources */,
				E49716B02152D05C0058635D /* Locale.swift in Sources */,
			);
			runOnlyForDeploymentPostprocessing = 0;
		};
		E4971651214C55C10058635D /* Sources */ = {
			isa = PBXSourcesBuildPhase;
			buildActionMask = 2147483647;
			files = (
				E4971691214C73DB0058635D /* RatesResponseTests.swift in Sources */,
				E4971687214C61020058635D /* DispatcherTests.swift in Sources */,
				E497168E214C73210058635D /* MockData.swift in Sources */,
				E497165A214C55C10058635D /* APIRequestTests.swift in Sources */,
			);
			runOnlyForDeploymentPostprocessing = 0;
		};
		E497165C214C55C10058635D /* Sources */ = {
			isa = PBXSourcesBuildPhase;
			buildActionMask = 2147483647;
			files = (
				E4971665214C55C10058635D /* CurrencyConverterUITests.swift in Sources */,
			);
			runOnlyForDeploymentPostprocessing = 0;
		};
/* End PBXSourcesBuildPhase section */

/* Begin PBXTargetDependency section */
		E4971657214C55C10058635D /* PBXTargetDependency */ = {
			isa = PBXTargetDependency;
			target = E4971640214C55BD0058635D /* CurrencyConverter */;
			targetProxy = E4971656214C55C10058635D /* PBXContainerItemProxy */;
		};
		E4971662214C55C10058635D /* PBXTargetDependency */ = {
			isa = PBXTargetDependency;
			target = E4971640214C55BD0058635D /* CurrencyConverter */;
			targetProxy = E4971661214C55C10058635D /* PBXContainerItemProxy */;
		};
/* End PBXTargetDependency section */

/* Begin PBXVariantGroup section */
		E497164D214C55C10058635D /* LaunchScreen.storyboard */ = {
			isa = PBXVariantGroup;
			children = (
				E497164E214C55C10058635D /* Base */,
			);
			name = LaunchScreen.storyboard;
			sourceTree = "<group>";
		};
/* End PBXVariantGroup section */

/* Begin XCBuildConfiguration section */
		E4971667214C55C10058635D /* Debug */ = {
			isa = XCBuildConfiguration;
			buildSettings = {
				ALWAYS_SEARCH_USER_PATHS = NO;
				CLANG_ANALYZER_NONNULL = YES;
				CLANG_ANALYZER_NUMBER_OBJECT_CONVERSION = YES_AGGRESSIVE;
				CLANG_CXX_LANGUAGE_STANDARD = "gnu++14";
				CLANG_CXX_LIBRARY = "libc++";
				CLANG_ENABLE_MODULES = YES;
				CLANG_ENABLE_OBJC_ARC = YES;
				CLANG_ENABLE_OBJC_WEAK = YES;
				CLANG_WARN_BLOCK_CAPTURE_AUTORELEASING = YES;
				CLANG_WARN_BOOL_CONVERSION = YES;
				CLANG_WARN_COMMA = YES;
				CLANG_WARN_CONSTANT_CONVERSION = YES;
				CLANG_WARN_DEPRECATED_OBJC_IMPLEMENTATIONS = YES;
				CLANG_WARN_DIRECT_OBJC_ISA_USAGE = YES_ERROR;
				CLANG_WARN_DOCUMENTATION_COMMENTS = YES;
				CLANG_WARN_EMPTY_BODY = YES;
				CLANG_WARN_ENUM_CONVERSION = YES;
				CLANG_WARN_INFINITE_RECURSION = YES;
				CLANG_WARN_INT_CONVERSION = YES;
				CLANG_WARN_NON_LITERAL_NULL_CONVERSION = YES;
				CLANG_WARN_OBJC_IMPLICIT_RETAIN_SELF = YES;
				CLANG_WARN_OBJC_LITERAL_CONVERSION = YES;
				CLANG_WARN_OBJC_ROOT_CLASS = YES_ERROR;
				CLANG_WARN_RANGE_LOOP_ANALYSIS = YES;
				CLANG_WARN_STRICT_PROTOTYPES = YES;
				CLANG_WARN_SUSPICIOUS_MOVE = YES;
				CLANG_WARN_UNGUARDED_AVAILABILITY = YES_AGGRESSIVE;
				CLANG_WARN_UNREACHABLE_CODE = YES;
				CLANG_WARN__DUPLICATE_METHOD_MATCH = YES;
				CODE_SIGN_IDENTITY = "iPhone Developer";
				COPY_PHASE_STRIP = NO;
				DEBUG_INFORMATION_FORMAT = dwarf;
				ENABLE_STRICT_OBJC_MSGSEND = YES;
				ENABLE_TESTABILITY = YES;
				GCC_C_LANGUAGE_STANDARD = gnu11;
				GCC_DYNAMIC_NO_PIC = NO;
				GCC_NO_COMMON_BLOCKS = YES;
				GCC_OPTIMIZATION_LEVEL = 0;
				GCC_PREPROCESSOR_DEFINITIONS = (
					"DEBUG=1",
					"$(inherited)",
				);
				GCC_WARN_64_TO_32_BIT_CONVERSION = YES;
				GCC_WARN_ABOUT_RETURN_TYPE = YES_ERROR;
				GCC_WARN_UNDECLARED_SELECTOR = YES;
				GCC_WARN_UNINITIALIZED_AUTOS = YES_AGGRESSIVE;
				GCC_WARN_UNUSED_FUNCTION = YES;
				GCC_WARN_UNUSED_VARIABLE = YES;
				IPHONEOS_DEPLOYMENT_TARGET = 11.4;
				MTL_ENABLE_DEBUG_INFO = YES;
				ONLY_ACTIVE_ARCH = YES;
				SDKROOT = iphoneos;
				SWIFT_ACTIVE_COMPILATION_CONDITIONS = DEBUG;
				SWIFT_OPTIMIZATION_LEVEL = "-Onone";
			};
			name = Debug;
		};
		E4971668214C55C10058635D /* Release */ = {
			isa = XCBuildConfiguration;
			buildSettings = {
				ALWAYS_SEARCH_USER_PATHS = NO;
				CLANG_ANALYZER_NONNULL = YES;
				CLANG_ANALYZER_NUMBER_OBJECT_CONVERSION = YES_AGGRESSIVE;
				CLANG_CXX_LANGUAGE_STANDARD = "gnu++14";
				CLANG_CXX_LIBRARY = "libc++";
				CLANG_ENABLE_MODULES = YES;
				CLANG_ENABLE_OBJC_ARC = YES;
				CLANG_ENABLE_OBJC_WEAK = YES;
				CLANG_WARN_BLOCK_CAPTURE_AUTORELEASING = YES;
				CLANG_WARN_BOOL_CONVERSION = YES;
				CLANG_WARN_COMMA = YES;
				CLANG_WARN_CONSTANT_CONVERSION = YES;
				CLANG_WARN_DEPRECATED_OBJC_IMPLEMENTATIONS = YES;
				CLANG_WARN_DIRECT_OBJC_ISA_USAGE = YES_ERROR;
				CLANG_WARN_DOCUMENTATION_COMMENTS = YES;
				CLANG_WARN_EMPTY_BODY = YES;
				CLANG_WARN_ENUM_CONVERSION = YES;
				CLANG_WARN_INFINITE_RECURSION = YES;
				CLANG_WARN_INT_CONVERSION = YES;
				CLANG_WARN_NON_LITERAL_NULL_CONVERSION = YES;
				CLANG_WARN_OBJC_IMPLICIT_RETAIN_SELF = YES;
				CLANG_WARN_OBJC_LITERAL_CONVERSION = YES;
				CLANG_WARN_OBJC_ROOT_CLASS = YES_ERROR;
				CLANG_WARN_RANGE_LOOP_ANALYSIS = YES;
				CLANG_WARN_STRICT_PROTOTYPES = YES;
				CLANG_WARN_SUSPICIOUS_MOVE = YES;
				CLANG_WARN_UNGUARDED_AVAILABILITY = YES_AGGRESSIVE;
				CLANG_WARN_UNREACHABLE_CODE = YES;
				CLANG_WARN__DUPLICATE_METHOD_MATCH = YES;
				CODE_SIGN_IDENTITY = "iPhone Developer";
				COPY_PHASE_STRIP = NO;
				DEBUG_INFORMATION_FORMAT = "dwarf-with-dsym";
				ENABLE_NS_ASSERTIONS = NO;
				ENABLE_STRICT_OBJC_MSGSEND = YES;
				GCC_C_LANGUAGE_STANDARD = gnu11;
				GCC_NO_COMMON_BLOCKS = YES;
				GCC_WARN_64_TO_32_BIT_CONVERSION = YES;
				GCC_WARN_ABOUT_RETURN_TYPE = YES_ERROR;
				GCC_WARN_UNDECLARED_SELECTOR = YES;
				GCC_WARN_UNINITIALIZED_AUTOS = YES_AGGRESSIVE;
				GCC_WARN_UNUSED_FUNCTION = YES;
				GCC_WARN_UNUSED_VARIABLE = YES;
				IPHONEOS_DEPLOYMENT_TARGET = 11.4;
				MTL_ENABLE_DEBUG_INFO = NO;
				SDKROOT = iphoneos;
				SWIFT_COMPILATION_MODE = wholemodule;
				SWIFT_OPTIMIZATION_LEVEL = "-O";
				VALIDATE_PRODUCT = YES;
			};
			name = Release;
		};
		E497166A214C55C10058635D /* Debug */ = {
			isa = XCBuildConfiguration;
			buildSettings = {
				ASSETCATALOG_COMPILER_APPICON_NAME = AppIcon;
				CODE_SIGN_STYLE = Automatic;
				DEVELOPMENT_TEAM = 6CN522LZF3;
				FRAMEWORK_SEARCH_PATHS = (
					"$(inherited)",
					"$(PROJECT_DIR)/Carthage/Build/iOS",
				);
				INFOPLIST_FILE = CurrencyConverter/Info.plist;
				LD_RUNPATH_SEARCH_PATHS = (
					"$(inherited)",
					"@executable_path/Frameworks",
				);
				PRODUCT_BUNDLE_IDENTIFIER = guoweim.CurrencyConverter;
				PRODUCT_NAME = "$(TARGET_NAME)";
				SWIFT_VERSION = 4.0;
				TARGETED_DEVICE_FAMILY = "1,2";
			};
			name = Debug;
		};
		E497166B214C55C10058635D /* Release */ = {
			isa = XCBuildConfiguration;
			buildSettings = {
				ASSETCATALOG_COMPILER_APPICON_NAME = AppIcon;
				CODE_SIGN_STYLE = Automatic;
				DEVELOPMENT_TEAM = 6CN522LZF3;
				FRAMEWORK_SEARCH_PATHS = (
					"$(inherited)",
					"$(PROJECT_DIR)/Carthage/Build/iOS",
				);
				INFOPLIST_FILE = CurrencyConverter/Info.plist;
				LD_RUNPATH_SEARCH_PATHS = (
					"$(inherited)",
					"@executable_path/Frameworks",
				);
				PRODUCT_BUNDLE_IDENTIFIER = guoweim.CurrencyConverter;
				PRODUCT_NAME = "$(TARGET_NAME)";
				SWIFT_VERSION = 4.0;
				TARGETED_DEVICE_FAMILY = "1,2";
			};
			name = Release;
		};
		E497166D214C55C10058635D /* Debug */ = {
			isa = XCBuildConfiguration;
			buildSettings = {
				ALWAYS_EMBED_SWIFT_STANDARD_LIBRARIES = YES;
				BUNDLE_LOADER = "$(TEST_HOST)";
				CODE_SIGN_STYLE = Automatic;
				DEVELOPMENT_TEAM = 6CN522LZF3;
				INFOPLIST_FILE = CurrencyConverterTests/Info.plist;
				LD_RUNPATH_SEARCH_PATHS = (
					"$(inherited)",
					"@executable_path/Frameworks",
					"@loader_path/Frameworks",
				);
				PRODUCT_BUNDLE_IDENTIFIER = guoweim.CurrencyConverterTests;
				PRODUCT_NAME = "$(TARGET_NAME)";
				SWIFT_VERSION = 4.0;
				TARGETED_DEVICE_FAMILY = "1,2";
				TEST_HOST = "$(BUILT_PRODUCTS_DIR)/CurrencyConverter.app/CurrencyConverter";
			};
			name = Debug;
		};
		E497166E214C55C10058635D /* Release */ = {
			isa = XCBuildConfiguration;
			buildSettings = {
				ALWAYS_EMBED_SWIFT_STANDARD_LIBRARIES = YES;
				BUNDLE_LOADER = "$(TEST_HOST)";
				CODE_SIGN_STYLE = Automatic;
				DEVELOPMENT_TEAM = 6CN522LZF3;
				INFOPLIST_FILE = CurrencyConverterTests/Info.plist;
				LD_RUNPATH_SEARCH_PATHS = (
					"$(inherited)",
					"@executable_path/Frameworks",
					"@loader_path/Frameworks",
				);
				PRODUCT_BUNDLE_IDENTIFIER = guoweim.CurrencyConverterTests;
				PRODUCT_NAME = "$(TARGET_NAME)";
				SWIFT_VERSION = 4.0;
				TARGETED_DEVICE_FAMILY = "1,2";
				TEST_HOST = "$(BUILT_PRODUCTS_DIR)/CurrencyConverter.app/CurrencyConverter";
			};
			name = Release;
		};
		E4971670214C55C10058635D /* Debug */ = {
			isa = XCBuildConfiguration;
			buildSettings = {
				ALWAYS_EMBED_SWIFT_STANDARD_LIBRARIES = YES;
				CODE_SIGN_STYLE = Automatic;
				DEVELOPMENT_TEAM = 6CN522LZF3;
				INFOPLIST_FILE = CurrencyConverterUITests/Info.plist;
				LD_RUNPATH_SEARCH_PATHS = (
					"$(inherited)",
					"@executable_path/Frameworks",
					"@loader_path/Frameworks",
				);
				PRODUCT_BUNDLE_IDENTIFIER = guoweim.CurrencyConverterUITests;
				PRODUCT_NAME = "$(TARGET_NAME)";
				SWIFT_VERSION = 4.0;
				TARGETED_DEVICE_FAMILY = "1,2";
				TEST_TARGET_NAME = CurrencyConverter;
			};
			name = Debug;
		};
		E4971671214C55C10058635D /* Release */ = {
			isa = XCBuildConfiguration;
			buildSettings = {
				ALWAYS_EMBED_SWIFT_STANDARD_LIBRARIES = YES;
				CODE_SIGN_STYLE = Automatic;
				DEVELOPMENT_TEAM = 6CN522LZF3;
				INFOPLIST_FILE = CurrencyConverterUITests/Info.plist;
				LD_RUNPATH_SEARCH_PATHS = (
					"$(inherited)",
					"@executable_path/Frameworks",
					"@loader_path/Frameworks",
				);
				PRODUCT_BUNDLE_IDENTIFIER = guoweim.CurrencyConverterUITests;
				PRODUCT_NAME = "$(TARGET_NAME)";
				SWIFT_VERSION = 4.0;
				TARGETED_DEVICE_FAMILY = "1,2";
				TEST_TARGET_NAME = CurrencyConverter;
			};
			name = Release;
		};
/* End XCBuildConfiguration section */

/* Begin XCConfigurationList section */
		E497163C214C55BD0058635D /* Build configuration list for PBXProject "CurrencyConverter" */ = {
			isa = XCConfigurationList;
			buildConfigurations = (
				E4971667214C55C10058635D /* Debug */,
				E4971668214C55C10058635D /* Release */,
			);
			defaultConfigurationIsVisible = 0;
			defaultConfigurationName = Release;
		};
		E4971669214C55C10058635D /* Build configuration list for PBXNativeTarget "CurrencyConverter" */ = {
			isa = XCConfigurationList;
			buildConfigurations = (
				E497166A214C55C10058635D /* Debug */,
				E497166B214C55C10058635D /* Release */,
			);
			defaultConfigurationIsVisible = 0;
			defaultConfigurationName = Release;
		};
		E497166C214C55C10058635D /* Build configuration list for PBXNativeTarget "CurrencyConverterTests" */ = {
			isa = XCConfigurationList;
			buildConfigurations = (
				E497166D214C55C10058635D /* Debug */,
				E497166E214C55C10058635D /* Release */,
			);
			defaultConfigurationIsVisible = 0;
			defaultConfigurationName = Release;
		};
		E497166F214C55C10058635D /* Build configuration list for PBXNativeTarget "CurrencyConverterUITests" */ = {
			isa = XCConfigurationList;
			buildConfigurations = (
				E4971670214C55C10058635D /* Debug */,
				E4971671214C55C10058635D /* Release */,
			);
			defaultConfigurationIsVisible = 0;
			defaultConfigurationName = Release;
		};
/* End XCConfigurationList section */
	};
	rootObject = E4971639214C55BD0058635D /* Project object */;
}
